// !$*UTF8*$!
{
	archiveVersion = 1;
	classes = {
	};
	objectVersion = 55;
	objects = {

/* Begin PBXBuildFile section */
		41280F86298A98D900A237A5 /* AppDelegate.swift in Sources */ = {isa = PBXBuildFile; fileRef = 41280F85298A98D900A237A5 /* AppDelegate.swift */; };
		41280F88298A98D900A237A5 /* SceneDelegate.swift in Sources */ = {isa = PBXBuildFile; fileRef = 41280F87298A98D900A237A5 /* SceneDelegate.swift */; };
		41280F8A298A98D900A237A5 /* SchoolsViewController.swift in Sources */ = {isa = PBXBuildFile; fileRef = 41280F89298A98D900A237A5 /* SchoolsViewController.swift */; };
		41280F8D298A98D900A237A5 /* Main.storyboard in Resources */ = {isa = PBXBuildFile; fileRef = 41280F8B298A98D900A237A5 /* Main.storyboard */; };
		41280F8F298A98E100A237A5 /* Assets.xcassets in Resources */ = {isa = PBXBuildFile; fileRef = 41280F8E298A98E100A237A5 /* Assets.xcassets */; };
		41280F92298A98E100A237A5 /* LaunchScreen.storyboard in Resources */ = {isa = PBXBuildFile; fileRef = 41280F90298A98E100A237A5 /* LaunchScreen.storyboard */; };
		41280F9D298A98E100A237A5 /* NYC_SchoolsTests.swift in Sources */ = {isa = PBXBuildFile; fileRef = 41280F9C298A98E100A237A5 /* NYC_SchoolsTests.swift */; };
		41280FA7298A98E100A237A5 /* NYC_SchoolsUITests.swift in Sources */ = {isa = PBXBuildFile; fileRef = 41280FA6298A98E100A237A5 /* NYC_SchoolsUITests.swift */; };
		41280FA9298A98E100A237A5 /* NYC_SchoolsUITestsLaunchTests.swift in Sources */ = {isa = PBXBuildFile; fileRef = 41280FA8298A98E100A237A5 /* NYC_SchoolsUITestsLaunchTests.swift */; };
		41280FB6298A9AF400A237A5 /* NetworkManager.swift in Sources */ = {isa = PBXBuildFile; fileRef = 41280FB5298A9AF400A237A5 /* NetworkManager.swift */; };
		41280FB8298A9DA100A237A5 /* School.swift in Sources */ = {isa = PBXBuildFile; fileRef = 41280FB7298A9DA100A237A5 /* School.swift */; };
		41280FBA298DA24C00A237A5 /* APIManager.swift in Sources */ = {isa = PBXBuildFile; fileRef = 41280FB9298DA24C00A237A5 /* APIManager.swift */; };
		41280FBC298DAC2A00A237A5 /* SchoolsViewModel.swift in Sources */ = {isa = PBXBuildFile; fileRef = 41280FBB298DAC2A00A237A5 /* SchoolsViewModel.swift */; };
		41280FBE298DE25700A237A5 /* SchoolsTableViewCell.swift in Sources */ = {isa = PBXBuildFile; fileRef = 41280FBD298DE25700A237A5 /* SchoolsTableViewCell.swift */; };
		41280FC0298DE3D900A237A5 /* Utility.swift in Sources */ = {isa = PBXBuildFile; fileRef = 41280FBF298DE3D900A237A5 /* Utility.swift */; };
		41280FC7298F1B1100A237A5 /* SchoolDetailsViewController.swift in Sources */ = {isa = PBXBuildFile; fileRef = 41280FC6298F1B1100A237A5 /* SchoolDetailsViewController.swift */; };
		41280FC9298F1FF600A237A5 /* SchoolDetailsViewModel.swift in Sources */ = {isa = PBXBuildFile; fileRef = 41280FC8298F1FF600A237A5 /* SchoolDetailsViewModel.swift */; };
		41280FCB2990668100A237A5 /* APIManagerTests.swift in Sources */ = {isa = PBXBuildFile; fileRef = 41280FCA2990668100A237A5 /* APIManagerTests.swift */; };
		41676DC429906E7D007423F2 /* NetworkManagerTests.swift in Sources */ = {isa = PBXBuildFile; fileRef = 41676DC329906E7D007423F2 /* NetworkManagerTests.swift */; };
		41676DC629906EFD007423F2 /* NYCTestURLProtocol.swift in Sources */ = {isa = PBXBuildFile; fileRef = 41676DC529906EFD007423F2 /* NYCTestURLProtocol.swift */; };
/* End PBXBuildFile section */

/* Begin PBXContainerItemProxy section */
		41280F99298A98E100A237A5 /* PBXContainerItemProxy */ = {
			isa = PBXContainerItemProxy;
			containerPortal = 41280F7A298A98D900A237A5 /* Project object */;
			proxyType = 1;
			remoteGlobalIDString = 41280F81298A98D900A237A5;
			remoteInfo = "NYC Schools";
		};
		41280FA3298A98E100A237A5 /* PBXContainerItemProxy */ = {
			isa = PBXContainerItemProxy;
			containerPortal = 41280F7A298A98D900A237A5 /* Project object */;
			proxyType = 1;
			remoteGlobalIDString = 41280F81298A98D900A237A5;
			remoteInfo = "NYC Schools";
		};
/* End PBXContainerItemProxy section */

/* Begin PBXFileReference section */
		41280F82298A98D900A237A5 /* NYC Schools.app */ = {isa = PBXFileReference; explicitFileType = wrapper.application; includeInIndex = 0; path = "NYC Schools.app"; sourceTree = BUILT_PRODUCTS_DIR; };
		41280F85298A98D900A237A5 /* AppDelegate.swift */ = {isa = PBXFileReference; lastKnownFileType = sourcecode.swift; path = AppDelegate.swift; sourceTree = "<group>"; };
		41280F87298A98D900A237A5 /* SceneDelegate.swift */ = {isa = PBXFileReference; lastKnownFileType = sourcecode.swift; path = SceneDelegate.swift; sourceTree = "<group>"; };
		41280F89298A98D900A237A5 /* SchoolsViewController.swift */ = {isa = PBXFileReference; lastKnownFileType = sourcecode.swift; path = SchoolsViewController.swift; sourceTree = "<group>"; };
		41280F8C298A98D900A237A5 /* Base */ = {isa = PBXFileReference; lastKnownFileType = file.storyboard; name = Base; path = Base.lproj/Main.storyboard; sourceTree = "<group>"; };
		41280F8E298A98E100A237A5 /* Assets.xcassets */ = {isa = PBXFileReference; lastKnownFileType = folder.assetcatalog; path = Assets.xcassets; sourceTree = "<group>"; };
		41280F91298A98E100A237A5 /* Base */ = {isa = PBXFileReference; lastKnownFileType = file.storyboard; name = Base; path = Base.lproj/LaunchScreen.storyboard; sourceTree = "<group>"; };
		41280F93298A98E100A237A5 /* Info.plist */ = {isa = PBXFileReference; lastKnownFileType = text.plist.xml; path = Info.plist; sourceTree = "<group>"; };
		41280F98298A98E100A237A5 /* NYC SchoolsTests.xctest */ = {isa = PBXFileReference; explicitFileType = wrapper.cfbundle; includeInIndex = 0; path = "NYC SchoolsTests.xctest"; sourceTree = BUILT_PRODUCTS_DIR; };
		41280F9C298A98E100A237A5 /* NYC_SchoolsTests.swift */ = {isa = PBXFileReference; lastKnownFileType = sourcecode.swift; path = NYC_SchoolsTests.swift; sourceTree = "<group>"; };
		41280FA2298A98E100A237A5 /* NYC SchoolsUITests.xctest */ = {isa = PBXFileReference; explicitFileType = wrapper.cfbundle; includeInIndex = 0; path = "NYC SchoolsUITests.xctest"; sourceTree = BUILT_PRODUCTS_DIR; };
		41280FA6298A98E100A237A5 /* NYC_SchoolsUITests.swift */ = {isa = PBXFileReference; lastKnownFileType = sourcecode.swift; path = NYC_SchoolsUITests.swift; sourceTree = "<group>"; };
		41280FA8298A98E100A237A5 /* NYC_SchoolsUITestsLaunchTests.swift */ = {isa = PBXFileReference; lastKnownFileType = sourcecode.swift; path = NYC_SchoolsUITestsLaunchTests.swift; sourceTree = "<group>"; };
		41280FB5298A9AF400A237A5 /* NetworkManager.swift */ = {isa = PBXFileReference; lastKnownFileType = sourcecode.swift; path = NetworkManager.swift; sourceTree = "<group>"; };
		41280FB7298A9DA100A237A5 /* School.swift */ = {isa = PBXFileReference; lastKnownFileType = sourcecode.swift; path = School.swift; sourceTree = "<group>"; };
		41280FB9298DA24C00A237A5 /* APIManager.swift */ = {isa = PBXFileReference; lastKnownFileType = sourcecode.swift; path = APIManager.swift; sourceTree = "<group>"; };
		41280FBB298DAC2A00A237A5 /* SchoolsViewModel.swift */ = {isa = PBXFileReference; lastKnownFileType = sourcecode.swift; path = SchoolsViewModel.swift; sourceTree = "<group>"; };
		41280FBD298DE25700A237A5 /* SchoolsTableViewCell.swift */ = {isa = PBXFileReference; lastKnownFileType = sourcecode.swift; path = SchoolsTableViewCell.swift; sourceTree = "<group>"; };
		41280FBF298DE3D900A237A5 /* Utility.swift */ = {isa = PBXFileReference; lastKnownFileType = sourcecode.swift; path = Utility.swift; sourceTree = "<group>"; };
		41280FC6298F1B1100A237A5 /* SchoolDetailsViewController.swift */ = {isa = PBXFileReference; lastKnownFileType = sourcecode.swift; path = SchoolDetailsViewController.swift; sourceTree = "<group>"; };
		41280FC8298F1FF600A237A5 /* SchoolDetailsViewModel.swift */ = {isa = PBXFileReference; lastKnownFileType = sourcecode.swift; path = SchoolDetailsViewModel.swift; sourceTree = "<group>"; };
		41280FCA2990668100A237A5 /* APIManagerTests.swift */ = {isa = PBXFileReference; lastKnownFileType = sourcecode.swift; path = APIManagerTests.swift; sourceTree = "<group>"; };
		41676DC329906E7D007423F2 /* NetworkManagerTests.swift */ = {isa = PBXFileReference; lastKnownFileType = sourcecode.swift; path = NetworkManagerTests.swift; sourceTree = "<group>"; };
		41676DC529906EFD007423F2 /* NYCTestURLProtocol.swift */ = {isa = PBXFileReference; lastKnownFileType = sourcecode.swift; path = NYCTestURLProtocol.swift; sourceTree = "<group>"; };
/* End PBXFileReference section */

/* Begin PBXFrameworksBuildPhase section */
		41280F7F298A98D900A237A5 /* Frameworks */ = {
			isa = PBXFrameworksBuildPhase;
			buildActionMask = 2147483647;
			files = (
			);
			runOnlyForDeploymentPostprocessing = 0;
		};
		41280F95298A98E100A237A5 /* Frameworks */ = {
			isa = PBXFrameworksBuildPhase;
			buildActionMask = 2147483647;
			files = (
			);
			runOnlyForDeploymentPostprocessing = 0;
		};
		41280F9F298A98E100A237A5 /* Frameworks */ = {
			isa = PBXFrameworksBuildPhase;
			buildActionMask = 2147483647;
			files = (
			);
			runOnlyForDeploymentPostprocessing = 0;
		};
/* End PBXFrameworksBuildPhase section */

/* Begin PBXGroup section */
		41280F79298A98D900A237A5 = {
			isa = PBXGroup;
			children = (
				41280F84298A98D900A237A5 /* NYC Schools */,
				41280F9B298A98E100A237A5 /* NYC SchoolsTests */,
				41280FA5298A98E100A237A5 /* NYC SchoolsUITests */,
				41280F83298A98D900A237A5 /* Products */,
			);
			sourceTree = "<group>";
		};
		41280F83298A98D900A237A5 /* Products */ = {
			isa = PBXGroup;
			children = (
				41280F82298A98D900A237A5 /* NYC Schools.app */,
				41280F98298A98E100A237A5 /* NYC SchoolsTests.xctest */,
				41280FA2298A98E100A237A5 /* NYC SchoolsUITests.xctest */,
			);
			name = Products;
			sourceTree = "<group>";
		};
		41280F84298A98D900A237A5 /* NYC Schools */ = {
			isa = PBXGroup;
			children = (
				41280FC5298F12C900A237A5 /* Networking */,
				41280FC4298F129800A237A5 /* Model */,
				41280FC3298F128500A237A5 /* View Model */,
				41280FC2298F127900A237A5 /* View */,
				41280FC1298F126C00A237A5 /* Controller */,
				41280F85298A98D900A237A5 /* AppDelegate.swift */,
				41280F87298A98D900A237A5 /* SceneDelegate.swift */,
				41280F8B298A98D900A237A5 /* Main.storyboard */,
				41280F8E298A98E100A237A5 /* Assets.xcassets */,
				41280F90298A98E100A237A5 /* LaunchScreen.storyboard */,
				41280F93298A98E100A237A5 /* Info.plist */,
				41280FBF298DE3D900A237A5 /* Utility.swift */,
			);
			path = "NYC Schools";
			sourceTree = "<group>";
		};
		41280F9B298A98E100A237A5 /* NYC SchoolsTests */ = {
			isa = PBXGroup;
			children = (
				41280F9C298A98E100A237A5 /* NYC_SchoolsTests.swift */,
				41280FCA2990668100A237A5 /* APIManagerTests.swift */,
				41676DC329906E7D007423F2 /* NetworkManagerTests.swift */,
				41676DC529906EFD007423F2 /* NYCTestURLProtocol.swift */,
			);
			path = "NYC SchoolsTests";
			sourceTree = "<group>";
		};
		41280FA5298A98E100A237A5 /* NYC SchoolsUITests */ = {
			isa = PBXGroup;
			children = (
				41280FA6298A98E100A237A5 /* NYC_SchoolsUITests.swift */,
				41280FA8298A98E100A237A5 /* NYC_SchoolsUITestsLaunchTests.swift */,
			);
			path = "NYC SchoolsUITests";
			sourceTree = "<group>";
		};
		41280FC1298F126C00A237A5 /* Controller */ = {
			isa = PBXGroup;
			children = (
				41280F89298A98D900A237A5 /* SchoolsViewController.swift */,
				41280FC6298F1B1100A237A5 /* SchoolDetailsViewController.swift */,
			);
			path = Controller;
			sourceTree = "<group>";
		};
		41280FC2298F127900A237A5 /* View */ = {
			isa = PBXGroup;
			children = (
				41280FBD298DE25700A237A5 /* SchoolsTableViewCell.swift */,
			);
			path = View;
			sourceTree = "<group>";
		};
		41280FC3298F128500A237A5 /* View Model */ = {
			isa = PBXGroup;
			children = (
				41280FBB298DAC2A00A237A5 /* SchoolsViewModel.swift */,
				41280FC8298F1FF600A237A5 /* SchoolDetailsViewModel.swift */,
			);
			path = "View Model";
			sourceTree = "<group>";
		};
		41280FC4298F129800A237A5 /* Model */ = {
			isa = PBXGroup;
			children = (
				41280FB7298A9DA100A237A5 /* School.swift */,
			);
			path = Model;
			sourceTree = "<group>";
		};
		41280FC5298F12C900A237A5 /* Networking */ = {
			isa = PBXGroup;
			children = (
				41280FB5298A9AF400A237A5 /* NetworkManager.swift */,
				41280FB9298DA24C00A237A5 /* APIManager.swift */,
			);
			path = Networking;
			sourceTree = "<group>";
		};
/* End PBXGroup section */

/* Begin PBXNativeTarget section */
		41280F81298A98D900A237A5 /* NYC Schools */ = {
			isa = PBXNativeTarget;
			buildConfigurationList = 41280FAC298A98E100A237A5 /* Build configuration list for PBXNativeTarget "NYC Schools" */;
			buildPhases = (
				41280F7E298A98D900A237A5 /* Sources */,
				41280F7F298A98D900A237A5 /* Frameworks */,
				41280F80298A98D900A237A5 /* Resources */,
			);
			buildRules = (
			);
			dependencies = (
			);
			name = "NYC Schools";
			productName = "NYC Schools";
			productReference = 41280F82298A98D900A237A5 /* NYC Schools.app */;
			productType = "com.apple.product-type.application";
		};
		41280F97298A98E100A237A5 /* NYC SchoolsTests */ = {
			isa = PBXNativeTarget;
			buildConfigurationList = 41280FAF298A98E100A237A5 /* Build configuration list for PBXNativeTarget "NYC SchoolsTests" */;
			buildPhases = (
				41280F94298A98E100A237A5 /* Sources */,
				41280F95298A98E100A237A5 /* Frameworks */,
				41280F96298A98E100A237A5 /* Resources */,
			);
			buildRules = (
			);
			dependencies = (
				41280F9A298A98E100A237A5 /* PBXTargetDependency */,
			);
			name = "NYC SchoolsTests";
			productName = "NYC SchoolsTests";
			productReference = 41280F98298A98E100A237A5 /* NYC SchoolsTests.xctest */;
			productType = "com.apple.product-type.bundle.unit-test";
		};
		41280FA1298A98E100A237A5 /* NYC SchoolsUITests */ = {
			isa = PBXNativeTarget;
			buildConfigurationList = 41280FB2298A98E100A237A5 /* Build configuration list for PBXNativeTarget "NYC SchoolsUITests" */;
			buildPhases = (
				41280F9E298A98E100A237A5 /* Sources */,
				41280F9F298A98E100A237A5 /* Frameworks */,
				41280FA0298A98E100A237A5 /* Resources */,
			);
			buildRules = (
			);
			dependencies = (
				41280FA4298A98E100A237A5 /* PBXTargetDependency */,
			);
			name = "NYC SchoolsUITests";
			productName = "NYC SchoolsUITests";
			productReference = 41280FA2298A98E100A237A5 /* NYC SchoolsUITests.xctest */;
			productType = "com.apple.product-type.bundle.ui-testing";
		};
/* End PBXNativeTarget section */

/* Begin PBXProject section */
		41280F7A298A98D900A237A5 /* Project object */ = {
			isa = PBXProject;
			attributes = {
				BuildIndependentTargetsInParallel = 1;
				LastSwiftUpdateCheck = 1340;
				LastUpgradeCheck = 1340;
				TargetAttributes = {
					41280F81298A98D900A237A5 = {
						CreatedOnToolsVersion = 13.4.1;
					};
					41280F97298A98E100A237A5 = {
						CreatedOnToolsVersion = 13.4.1;
						TestTargetID = 41280F81298A98D900A237A5;
					};
					41280FA1298A98E100A237A5 = {
						CreatedOnToolsVersion = 13.4.1;
						TestTargetID = 41280F81298A98D900A237A5;
					};
				};
			};
			buildConfigurationList = 41280F7D298A98D900A237A5 /* Build configuration list for PBXProject "NYC Schools" */;
			compatibilityVersion = "Xcode 13.0";
			developmentRegion = en;
			hasScannedForEncodings = 0;
			knownRegions = (
				en,
				Base,
			);
			mainGroup = 41280F79298A98D900A237A5;
			productRefGroup = 41280F83298A98D900A237A5 /* Products */;
			projectDirPath = "";
			projectRoot = "";
			targets = (
				41280F81298A98D900A237A5 /* NYC Schools */,
				41280F97298A98E100A237A5 /* NYC SchoolsTests */,
				41280FA1298A98E100A237A5 /* NYC SchoolsUITests */,
			);
		};
/* End PBXProject section */

/* Begin PBXResourcesBuildPhase section */
		41280F80298A98D900A237A5 /* Resources */ = {
			isa = PBXResourcesBuildPhase;
			buildActionMask = 2147483647;
			files = (
				41280F92298A98E100A237A5 /* LaunchScreen.storyboard in Resources */,
				41280F8F298A98E100A237A5 /* Assets.xcassets in Resources */,
				41280F8D298A98D900A237A5 /* Main.storyboard in Resources */,
			);
			runOnlyForDeploymentPostprocessing = 0;
		};
		41280F96298A98E100A237A5 /* Resources */ = {
			isa = PBXResourcesBuildPhase;
			buildActionMask = 2147483647;
			files = (
			);
			runOnlyForDeploymentPostprocessing = 0;
		};
		41280FA0298A98E100A237A5 /* Resources */ = {
			isa = PBXResourcesBuildPhase;
			buildActionMask = 2147483647;
			files = (
			);
			runOnlyForDeploymentPostprocessing = 0;
		};
/* End PBXResourcesBuildPhase section */

/* Begin PBXSourcesBuildPhase section */
		41280F7E298A98D900A237A5 /* Sources */ = {
			isa = PBXSourcesBuildPhase;
			buildActionMask = 2147483647;
			files = (
				41280FBA298DA24C00A237A5 /* APIManager.swift in Sources */,
				41280FB6298A9AF400A237A5 /* NetworkManager.swift in Sources */,
				41280FC0298DE3D900A237A5 /* Utility.swift in Sources */,
				41280F8A298A98D900A237A5 /* SchoolsViewController.swift in Sources */,
				41280FBE298DE25700A237A5 /* SchoolsTableViewCell.swift in Sources */,
				41280FC7298F1B1100A237A5 /* SchoolDetailsViewController.swift in Sources */,
				41280FBC298DAC2A00A237A5 /* SchoolsViewModel.swift in Sources */,
				41280FC9298F1FF600A237A5 /* SchoolDetailsViewModel.swift in Sources */,
				41280F86298A98D900A237A5 /* AppDelegate.swift in Sources */,
				41280FB8298A9DA100A237A5 /* School.swift in Sources */,
				41280F88298A98D900A237A5 /* SceneDelegate.swift in Sources */,
			);
			runOnlyForDeploymentPostprocessing = 0;
		};
		41280F94298A98E100A237A5 /* Sources */ = {
			isa = PBXSourcesBuildPhase;
			buildActionMask = 2147483647;
			files = (
				41676DC429906E7D007423F2 /* NetworkManagerTests.swift in Sources */,
				41280FCB2990668100A237A5 /* APIManagerTests.swift in Sources */,
				41676DC629906EFD007423F2 /* NYCTestURLProtocol.swift in Sources */,
				41280F9D298A98E100A237A5 /* NYC_SchoolsTests.swift in Sources */,
			);
			runOnlyForDeploymentPostprocessing = 0;
		};
		41280F9E298A98E100A237A5 /* Sources */ = {
			isa = PBXSourcesBuildPhase;
			buildActionMask = 2147483647;
			files = (
				41280FA7298A98E100A237A5 /* NYC_SchoolsUITests.swift in Sources */,
				41280FA9298A98E100A237A5 /* NYC_SchoolsUITestsLaunchTests.swift in Sources */,
			);
			runOnlyForDeploymentPostprocessing = 0;
		};
/* End PBXSourcesBuildPhase section */

/* Begin PBXTargetDependency section */
		41280F9A298A98E100A237A5 /* PBXTargetDependency */ = {
			isa = PBXTargetDependency;
			target = 41280F81298A98D900A237A5 /* NYC Schools */;
			targetProxy = 41280F99298A98E100A237A5 /* PBXContainerItemProxy */;
		};
		41280FA4298A98E100A237A5 /* PBXTargetDependency */ = {
			isa = PBXTargetDependency;
			target = 41280F81298A98D900A237A5 /* NYC Schools */;
			targetProxy = 41280FA3298A98E100A237A5 /* PBXContainerItemProxy */;
		};
/* End PBXTargetDependency section */

/* Begin PBXVariantGroup section */
		41280F8B298A98D900A237A5 /* Main.storyboard */ = {
			isa = PBXVariantGroup;
			children = (
				41280F8C298A98D900A237A5 /* Base */,
			);
			name = Main.storyboard;
			sourceTree = "<group>";
		};
		41280F90298A98E100A237A5 /* LaunchScreen.storyboard */ = {
			isa = PBXVariantGroup;
			children = (
				41280F91298A98E100A237A5 /* Base */,
			);
			name = LaunchScreen.storyboard;
			sourceTree = "<group>";
		};
/* End PBXVariantGroup section */

/* Begin XCBuildConfiguration section */
		41280FAA298A98E100A237A5 /* Debug */ = {
			isa = XCBuildConfiguration;
			buildSettings = {
				ALWAYS_SEARCH_USER_PATHS = NO;
				CLANG_ANALYZER_NONNULL = YES;
				CLANG_ANALYZER_NUMBER_OBJECT_CONVERSION = YES_AGGRESSIVE;
				CLANG_CXX_LANGUAGE_STANDARD = "gnu++17";
				CLANG_ENABLE_MODULES = YES;
				CLANG_ENABLE_OBJC_ARC = YES;
				CLANG_ENABLE_OBJC_WEAK = YES;
				CLANG_WARN_BLOCK_CAPTURE_AUTORELEASING = YES;
				CLANG_WARN_BOOL_CONVERSION = YES;
				CLANG_WARN_COMMA = YES;
				CLANG_WARN_CONSTANT_CONVERSION = YES;
				CLANG_WARN_DEPRECATED_OBJC_IMPLEMENTATIONS = YES;
				CLANG_WARN_DIRECT_OBJC_ISA_USAGE = YES_ERROR;
				CLANG_WARN_DOCUMENTATION_COMMENTS = YES;
				CLANG_WARN_EMPTY_BODY = YES;
				CLANG_WARN_ENUM_CONVERSION = YES;
				CLANG_WARN_INFINITE_RECURSION = YES;
				CLANG_WARN_INT_CONVERSION = YES;
				CLANG_WARN_NON_LITERAL_NULL_CONVERSION = YES;
				CLANG_WARN_OBJC_IMPLICIT_RETAIN_SELF = YES;
				CLANG_WARN_OBJC_LITERAL_CONVERSION = YES;
				CLANG_WARN_OBJC_ROOT_CLASS = YES_ERROR;
				CLANG_WARN_QUOTED_INCLUDE_IN_FRAMEWORK_HEADER = YES;
				CLANG_WARN_RANGE_LOOP_ANALYSIS = YES;
				CLANG_WARN_STRICT_PROTOTYPES = YES;
				CLANG_WARN_SUSPICIOUS_MOVE = YES;
				CLANG_WARN_UNGUARDED_AVAILABILITY = YES_AGGRESSIVE;
				CLANG_WARN_UNREACHABLE_CODE = YES;
				CLANG_WARN__DUPLICATE_METHOD_MATCH = YES;
				COPY_PHASE_STRIP = NO;
				DEBUG_INFORMATION_FORMAT = dwarf;
				ENABLE_STRICT_OBJC_MSGSEND = YES;
				ENABLE_TESTABILITY = YES;
				GCC_C_LANGUAGE_STANDARD = gnu11;
				GCC_DYNAMIC_NO_PIC = NO;
				GCC_NO_COMMON_BLOCKS = YES;
				GCC_OPTIMIZATION_LEVEL = 0;
				GCC_PREPROCESSOR_DEFINITIONS = (
					"DEBUG=1",
					"$(inherited)",
				);
				GCC_WARN_64_TO_32_BIT_CONVERSION = YES;
				GCC_WARN_ABOUT_RETURN_TYPE = YES_ERROR;
				GCC_WARN_UNDECLARED_SELECTOR = YES;
				GCC_WARN_UNINITIALIZED_AUTOS = YES_AGGRESSIVE;
				GCC_WARN_UNUSED_FUNCTION = YES;
				GCC_WARN_UNUSED_VARIABLE = YES;
				IPHONEOS_DEPLOYMENT_TARGET = 15.5;
				MTL_ENABLE_DEBUG_INFO = INCLUDE_SOURCE;
				MTL_FAST_MATH = YES;
				ONLY_ACTIVE_ARCH = YES;
				SDKROOT = iphoneos;
				SWIFT_ACTIVE_COMPILATION_CONDITIONS = DEBUG;
				SWIFT_OPTIMIZATION_LEVEL = "-Onone";
			};
			name = Debug;
		};
		41280FAB298A98E100A237A5 /* Release */ = {
			isa = XCBuildConfiguration;
			buildSettings = {
				ALWAYS_SEARCH_USER_PATHS = NO;
				CLANG_ANALYZER_NONNULL = YES;
				CLANG_ANALYZER_NUMBER_OBJECT_CONVERSION = YES_AGGRESSIVE;
				CLANG_CXX_LANGUAGE_STANDARD = "gnu++17";
				CLANG_ENABLE_MODULES = YES;
				CLANG_ENABLE_OBJC_ARC = YES;
				CLANG_ENABLE_OBJC_WEAK = YES;
				CLANG_WARN_BLOCK_CAPTURE_AUTORELEASING = YES;
				CLANG_WARN_BOOL_CONVERSION = YES;
				CLANG_WARN_COMMA = YES;
				CLANG_WARN_CONSTANT_CONVERSION = YES;
				CLANG_WARN_DEPRECATED_OBJC_IMPLEMENTATIONS = YES;
				CLANG_WARN_DIRECT_OBJC_ISA_USAGE = YES_ERROR;
				CLANG_WARN_DOCUMENTATION_COMMENTS = YES;
				CLANG_WARN_EMPTY_BODY = YES;
				CLANG_WARN_ENUM_CONVERSION = YES;
				CLANG_WARN_INFINITE_RECURSION = YES;
				CLANG_WARN_INT_CONVERSION = YES;
				CLANG_WARN_NON_LITERAL_NULL_CONVERSION = YES;
				CLANG_WARN_OBJC_IMPLICIT_RETAIN_SELF = YES;
				CLANG_WARN_OBJC_LITERAL_CONVERSION = YES;
				CLANG_WARN_OBJC_ROOT_CLASS = YES_ERROR;
				CLANG_WARN_QUOTED_INCLUDE_IN_FRAMEWORK_HEADER = YES;
				CLANG_WARN_RANGE_LOOP_ANALYSIS = YES;
				CLANG_WARN_STRICT_PROTOTYPES = YES;
				CLANG_WARN_SUSPICIOUS_MOVE = YES;
				CLANG_WARN_UNGUARDED_AVAILABILITY = YES_AGGRESSIVE;
				CLANG_WARN_UNREACHABLE_CODE = YES;
				CLANG_WARN__DUPLICATE_METHOD_MATCH = YES;
				COPY_PHASE_STRIP = NO;
				DEBUG_INFORMATION_FORMAT = "dwarf-with-dsym";
				ENABLE_NS_ASSERTIONS = NO;
				ENABLE_STRICT_OBJC_MSGSEND = YES;
				GCC_C_LANGUAGE_STANDARD = gnu11;
				GCC_NO_COMMON_BLOCKS = YES;
				GCC_WARN_64_TO_32_BIT_CONVERSION = YES;
				GCC_WARN_ABOUT_RETURN_TYPE = YES_ERROR;
				GCC_WARN_UNDECLARED_SELECTOR = YES;
				GCC_WARN_UNINITIALIZED_AUTOS = YES_AGGRESSIVE;
				GCC_WARN_UNUSED_FUNCTION = YES;
				GCC_WARN_UNUSED_VARIABLE = YES;
				IPHONEOS_DEPLOYMENT_TARGET = 15.5;
				MTL_ENABLE_DEBUG_INFO = NO;
				MTL_FAST_MATH = YES;
				SDKROOT = iphoneos;
				SWIFT_COMPILATION_MODE = wholemodule;
				SWIFT_OPTIMIZATION_LEVEL = "-O";
				VALIDATE_PRODUCT = YES;
			};
			name = Release;
		};
		41280FAD298A98E100A237A5 /* Debug */ = {
			isa = XCBuildConfiguration;
			buildSettings = {
				ASSETCATALOG_COMPILER_APPICON_NAME = AppIcon;
				ASSETCATALOG_COMPILER_GLOBAL_ACCENT_COLOR_NAME = AccentColor;
				CODE_SIGN_STYLE = Automatic;
				CURRENT_PROJECT_VERSION = 1;
				DEVELOPMENT_TEAM = 2HZ6W34H59;
				GENERATE_INFOPLIST_FILE = YES;
				INFOPLIST_FILE = "NYC Schools/Info.plist";
				INFOPLIST_KEY_UIApplicationSupportsIndirectInputEvents = YES;
				INFOPLIST_KEY_UILaunchStoryboardName = LaunchScreen;
				INFOPLIST_KEY_UIMainStoryboardFile = Main;
				INFOPLIST_KEY_UISupportedInterfaceOrientations_iPad = "UIInterfaceOrientationPortrait UIInterfaceOrientationPortraitUpsideDown UIInterfaceOrientationLandscapeLeft UIInterfaceOrientationLandscapeRight";
				INFOPLIST_KEY_UISupportedInterfaceOrientations_iPhone = "UIInterfaceOrientationPortrait UIInterfaceOrientationLandscapeLeft UIInterfaceOrientationLandscapeRight";
				LD_RUNPATH_SEARCH_PATHS = (
					"$(inherited)",
					"@executable_path/Frameworks",
				);
				MARKETING_VERSION = 1.0;
				PRODUCT_BUNDLE_IDENTIFIER = "com.kvr.NYC-Schools";
				PRODUCT_NAME = "$(TARGET_NAME)";
				SWIFT_EMIT_LOC_STRINGS = YES;
				SWIFT_VERSION = 5.0;
				TARGETED_DEVICE_FAMILY = "1,2";
			};
			name = Debug;
		};
		41280FAE298A98E100A237A5 /* Release */ = {
			isa = XCBuildConfiguration;
			buildSettings = {
				ASSETCATALOG_COMPILER_APPICON_NAME = AppIcon;
				ASSETCATALOG_COMPILER_GLOBAL_ACCENT_COLOR_NAME = AccentColor;
				CODE_SIGN_STYLE = Automatic;
				CURRENT_PROJECT_VERSION = 1;
				DEVELOPMENT_TEAM = 2HZ6W34H59;
				GENERATE_INFOPLIST_FILE = YES;
				INFOPLIST_FILE = "NYC Schools/Info.plist";
				INFOPLIST_KEY_UIApplicationSupportsIndirectInputEvents = YES;
				INFOPLIST_KEY_UILaunchStoryboardName = LaunchScreen;
				INFOPLIST_KEY_UIMainStoryboardFile = Main;
				INFOPLIST_KEY_UISupportedInterfaceOrientations_iPad = "UIInterfaceOrientationPortrait UIInterfaceOrientationPortraitUpsideDown UIInterfaceOrientationLandscapeLeft UIInterfaceOrientationLandscapeRight";
				INFOPLIST_KEY_UISupportedInterfaceOrientations_iPhone = "UIInterfaceOrientationPortrait UIInterfaceOrientationLandscapeLeft UIInterfaceOrientationLandscapeRight";
				LD_RUNPATH_SEARCH_PATHS = (
					"$(inherited)",
					"@executable_path/Frameworks",
				);
				MARKETING_VERSION = 1.0;
				PRODUCT_BUNDLE_IDENTIFIER = "com.kvr.NYC-Schools";
				PRODUCT_NAME = "$(TARGET_NAME)";
				SWIFT_EMIT_LOC_STRINGS = YES;
				SWIFT_VERSION = 5.0;
				TARGETED_DEVICE_FAMILY = "1,2";
			};
			name = Release;
		};
		41280FB0298A98E100A237A5 /* Debug */ = {
			isa = XCBuildConfiguration;
			buildSettings = {
				ALWAYS_EMBED_SWIFT_STANDARD_LIBRARIES = YES;
				BUNDLE_LOADER = "$(TEST_HOST)";
				CODE_SIGN_STYLE = Automatic;
				CURRENT_PROJECT_VERSION = 1;
				DEVELOPMENT_TEAM = 2HZ6W34H59;
				GENERATE_INFOPLIST_FILE = YES;
				IPHONEOS_DEPLOYMENT_TARGET = 15.5;
				MARKETING_VERSION = 1.0;
				PRODUCT_BUNDLE_IDENTIFIER = "com.kvr.NYC-SchoolsTests";
				PRODUCT_NAME = "$(TARGET_NAME)";
				SWIFT_EMIT_LOC_STRINGS = NO;
				SWIFT_VERSION = 5.0;
				TARGETED_DEVICE_FAMILY = "1,2";
				TEST_HOST = "$(BUILT_PRODUCTS_DIR)/NYC Schools.app/NYC Schools";
			};
			name = Debug;
		};
		41280FB1298A98E100A237A5 /* Release */ = {
			isa = XCBuildConfiguration;
			buildSettings = {
				ALWAYS_EMBED_SWIFT_STANDARD_LIBRARIES = YES;
				BUNDLE_LOADER = "$(TEST_HOST)";
				CODE_SIGN_STYLE = Automatic;
				CURRENT_PROJECT_VERSION = 1;
				DEVELOPMENT_TEAM = 2HZ6W34H59;
				GENERATE_INFOPLIST_FILE = YES;
				IPHONEOS_DEPLOYMENT_TARGET = 15.5;
				MARKETING_VERSION = 1.0;
				PRODUCT_BUNDLE_IDENTIFIER = "com.kvr.NYC-SchoolsTests";
				PRODUCT_NAME = "$(TARGET_NAME)";
				SWIFT_EMIT_LOC_STRINGS = NO;
				SWIFT_VERSION = 5.0;
				TARGETED_DEVICE_FAMILY = "1,2";
				TEST_HOST = "$(BUILT_PRODUCTS_DIR)/NYC Schools.app/NYC Schools";
			};
			name = Release;
		};
		41280FB3298A98E100A237A5 /* Debug */ = {
			isa = XCBuildConfiguration;
			buildSettings = {
				ALWAYS_EMBED_SWIFT_STANDARD_LIBRARIES = YES;
				CODE_SIGN_STYLE = Automatic;
				CURRENT_PROJECT_VERSION = 1;
				DEVELOPMENT_TEAM = 2HZ6W34H59;
				GENERATE_INFOPLIST_FILE = YES;
				MARKETING_VERSION = 1.0;
				PRODUCT_BUNDLE_IDENTIFIER = "com.kvr.NYC-SchoolsUITests";
				PRODUCT_NAME = "$(TARGET_NAME)";
				SWIFT_EMIT_LOC_STRINGS = NO;
				SWIFT_VERSION = 5.0;
				TARGETED_DEVICE_FAMILY = "1,2";
				TEST_TARGET_NAME = "NYC Schools";
			};
			name = Debug;
		};
		41280FB4298A98E100A237A5 /* Release */ = {
			isa = XCBuildConfiguration;
			buildSettings = {
				ALWAYS_EMBED_SWIFT_STANDARD_LIBRARIES = YES;
				CODE_SIGN_STYLE = Automatic;
				CURRENT_PROJECT_VERSION = 1;
				DEVELOPMENT_TEAM = 2HZ6W34H59;
				GENERATE_INFOPLIST_FILE = YES;
				MARKETING_VERSION = 1.0;
				PRODUCT_BUNDLE_IDENTIFIER = "com.kvr.NYC-SchoolsUITests";
				PRODUCT_NAME = "$(TARGET_NAME)";
				SWIFT_EMIT_LOC_STRINGS = NO;
				SWIFT_VERSION = 5.0;
				TARGETED_DEVICE_FAMILY = "1,2";
				TEST_TARGET_NAME = "NYC Schools";
			};
			name = Release;
		};
/* End XCBuildConfiguration section */

/* Begin XCConfigurationList section */
		41280F7D298A98D900A237A5 /* Build configuration list for PBXProject "NYC Schools" */ = {
			isa = XCConfigurationList;
			buildConfigurations = (
				41280FAA298A98E100A237A5 /* Debug */,
				41280FAB298A98E100A237A5 /* Release */,
			);
			defaultConfigurationIsVisible = 0;
			defaultConfigurationName = Release;
		};
		41280FAC298A98E100A237A5 /* Build configuration list for PBXNativeTarget "NYC Schools" */ = {
			isa = XCConfigurationList;
			buildConfigurations = (
				41280FAD298A98E100A237A5 /* Debug */,
				41280FAE298A98E100A237A5 /* Release */,
			);
			defaultConfigurationIsVisible = 0;
			defaultConfigurationName = Release;
		};
		41280FAF298A98E100A237A5 /* Build configuration list for PBXNativeTarget "NYC SchoolsTests" */ = {
			isa = XCConfigurationList;
			buildConfigurations = (
				41280FB0298A98E100A237A5 /* Debug */,
				41280FB1298A98E100A237A5 /* Release */,
			);
			defaultConfigurationIsVisible = 0;
			defaultConfigurationName = Release;
		};
		41280FB2298A98E100A237A5 /* Build configuration list for PBXNativeTarget "NYC SchoolsUITests" */ = {
			isa = XCConfigurationList;
			buildConfigurations = (
				41280FB3298A98E100A237A5 /* Debug */,
				41280FB4298A98E100A237A5 /* Release */,
			);
			defaultConfigurationIsVisible = 0;
			defaultConfigurationName = Release;
		};
/* End XCConfigurationList section */
	};
	rootObject = 41280F7A298A98D900A237A5 /* Project object */;
}
